// !$*UTF8*$!
{
	archiveVersion = 1;
	classes = {
	};
	objectVersion = 50;
	objects = {

/* Begin PBXBuildFile section */
		9928CBCB24C2C37300D53C23 /* IQ_Math.swift in Sources */ = {isa = PBXBuildFile; fileRef = 9928CBCA24C2C37300D53C23 /* IQ_Math.swift */; };
		9966425324AB5DCE005AF541 /* UdemyVC.swift in Sources */ = {isa = PBXBuildFile; fileRef = 9966425224AB5DCE005AF541 /* UdemyVC.swift */; };
		998E1E6D249DDDA1008E1512 /* IQ-StringVC.swift in Sources */ = {isa = PBXBuildFile; fileRef = 998E1E6C249DDDA1008E1512 /* IQ-StringVC.swift */; };
		9996E3FE248A02A7008EE887 /* AppDelegate.swift in Sources */ = {isa = PBXBuildFile; fileRef = 9996E3FD248A02A7008EE887 /* AppDelegate.swift */; };
		9996E400248A02A7008EE887 /* SceneDelegate.swift in Sources */ = {isa = PBXBuildFile; fileRef = 9996E3FF248A02A7008EE887 /* SceneDelegate.swift */; };
		9996E402248A02A7008EE887 /* HomeVC.swift in Sources */ = {isa = PBXBuildFile; fileRef = 9996E401248A02A7008EE887 /* HomeVC.swift */; };
		9996E405248A02A7008EE887 /* Main.storyboard in Resources */ = {isa = PBXBuildFile; fileRef = 9996E403248A02A7008EE887 /* Main.storyboard */; };
		9996E407248A02AD008EE887 /* Assets.xcassets in Resources */ = {isa = PBXBuildFile; fileRef = 9996E406248A02AD008EE887 /* Assets.xcassets */; };
		9996E40A248A02AD008EE887 /* LaunchScreen.storyboard in Resources */ = {isa = PBXBuildFile; fileRef = 9996E408248A02AD008EE887 /* LaunchScreen.storyboard */; };
		999FFF6524B881B500F030C0 /* IQ-LinkedList.swift in Sources */ = {isa = PBXBuildFile; fileRef = 999FFF6424B881B500F030C0 /* IQ-LinkedList.swift */; };
		99BD9F71249717B40098DB08 /* IQ-ArrayVC.swift in Sources */ = {isa = PBXBuildFile; fileRef = 99BD9F70249717B40098DB08 /* IQ-ArrayVC.swift */; };
		99C40BCB249484FB007CD14B /* ArrayVC.swift in Sources */ = {isa = PBXBuildFile; fileRef = 99C40BCA249484FB007CD14B /* ArrayVC.swift */; };
		99C40BD124949992007CD14B /* BaseViewController.swift in Sources */ = {isa = PBXBuildFile; fileRef = 99C40BD024949992007CD14B /* BaseViewController.swift */; };
		99D50D2624BD88A700604E24 /* IQ-Trees.swift in Sources */ = {isa = PBXBuildFile; fileRef = 99D50D2524BD88A700604E24 /* IQ-Trees.swift */; };
		99D50D2824BDA66F00604E24 /* IQ-DynamicProgramming.swift in Sources */ = {isa = PBXBuildFile; fileRef = 99D50D2724BDA66F00604E24 /* IQ-DynamicProgramming.swift */; };
/* End PBXBuildFile section */

/* Begin PBXFileReference section */
		9928CBCA24C2C37300D53C23 /* IQ_Math.swift */ = {isa = PBXFileReference; lastKnownFileType = sourcecode.swift; path = IQ_Math.swift; sourceTree = "<group>"; };
		9966425224AB5DCE005AF541 /* UdemyVC.swift */ = {isa = PBXFileReference; lastKnownFileType = sourcecode.swift; path = UdemyVC.swift; sourceTree = "<group>"; };
		998E1E6C249DDDA1008E1512 /* IQ-StringVC.swift */ = {isa = PBXFileReference; lastKnownFileType = sourcecode.swift; path = "IQ-StringVC.swift"; sourceTree = "<group>"; };
		9996E3FA248A02A7008EE887 /* AlgorithmsWorskhop.app */ = {isa = PBXFileReference; explicitFileType = wrapper.application; includeInIndex = 0; path = AlgorithmsWorskhop.app; sourceTree = BUILT_PRODUCTS_DIR; };
		9996E3FD248A02A7008EE887 /* AppDelegate.swift */ = {isa = PBXFileReference; lastKnownFileType = sourcecode.swift; path = AppDelegate.swift; sourceTree = "<group>"; };
		9996E3FF248A02A7008EE887 /* SceneDelegate.swift */ = {isa = PBXFileReference; lastKnownFileType = sourcecode.swift; path = SceneDelegate.swift; sourceTree = "<group>"; };
		9996E401248A02A7008EE887 /* HomeVC.swift */ = {isa = PBXFileReference; lastKnownFileType = sourcecode.swift; path = HomeVC.swift; sourceTree = "<group>"; };
		9996E404248A02A7008EE887 /* Base */ = {isa = PBXFileReference; lastKnownFileType = file.storyboard; name = Base; path = Base.lproj/Main.storyboard; sourceTree = "<group>"; };
		9996E406248A02AD008EE887 /* Assets.xcassets */ = {isa = PBXFileReference; lastKnownFileType = folder.assetcatalog; path = Assets.xcassets; sourceTree = "<group>"; };
		9996E409248A02AD008EE887 /* Base */ = {isa = PBXFileReference; lastKnownFileType = file.storyboard; name = Base; path = Base.lproj/LaunchScreen.storyboard; sourceTree = "<group>"; };
		9996E40B248A02AD008EE887 /* Info.plist */ = {isa = PBXFileReference; lastKnownFileType = text.plist.xml; path = Info.plist; sourceTree = "<group>"; };
		999FFF6424B881B500F030C0 /* IQ-LinkedList.swift */ = {isa = PBXFileReference; lastKnownFileType = sourcecode.swift; path = "IQ-LinkedList.swift"; sourceTree = "<group>"; };
		99BD9F70249717B40098DB08 /* IQ-ArrayVC.swift */ = {isa = PBXFileReference; lastKnownFileType = sourcecode.swift; path = "IQ-ArrayVC.swift"; sourceTree = "<group>"; };
		99C40BCA249484FB007CD14B /* ArrayVC.swift */ = {isa = PBXFileReference; lastKnownFileType = sourcecode.swift; path = ArrayVC.swift; sourceTree = "<group>"; };
		99C40BD024949992007CD14B /* BaseViewController.swift */ = {isa = PBXFileReference; lastKnownFileType = sourcecode.swift; path = BaseViewController.swift; sourceTree = "<group>"; };
		99D50D2524BD88A700604E24 /* IQ-Trees.swift */ = {isa = PBXFileReference; lastKnownFileType = sourcecode.swift; path = "IQ-Trees.swift"; sourceTree = "<group>"; };
		99D50D2724BDA66F00604E24 /* IQ-DynamicProgramming.swift */ = {isa = PBXFileReference; lastKnownFileType = sourcecode.swift; path = "IQ-DynamicProgramming.swift"; sourceTree = "<group>"; };
/* End PBXFileReference section */

/* Begin PBXFrameworksBuildPhase section */
		9996E3F7248A02A6008EE887 /* Frameworks */ = {
			isa = PBXFrameworksBuildPhase;
			buildActionMask = 2147483647;
			files = (
			);
			runOnlyForDeploymentPostprocessing = 0;
		};
/* End PBXFrameworksBuildPhase section */

/* Begin PBXGroup section */
		9996E3F1248A02A6008EE887 = {
			isa = PBXGroup;
			children = (
				9996E3FC248A02A7008EE887 /* AlgorithmsWorskhop */,
				9996E3FB248A02A7008EE887 /* Products */,
			);
			sourceTree = "<group>";
		};
		9996E3FB248A02A7008EE887 /* Products */ = {
			isa = PBXGroup;
			children = (
				9996E3FA248A02A7008EE887 /* AlgorithmsWorskhop.app */,
			);
			name = Products;
			sourceTree = "<group>";
		};
		9996E3FC248A02A7008EE887 /* AlgorithmsWorskhop */ = {
			isa = PBXGroup;
			children = (
				9996E3FD248A02A7008EE887 /* AppDelegate.swift */,
				9996E3FF248A02A7008EE887 /* SceneDelegate.swift */,
				9996E401248A02A7008EE887 /* HomeVC.swift */,
				99C40BD024949992007CD14B /* BaseViewController.swift */,
				99C40BCA249484FB007CD14B /* ArrayVC.swift */,
				99BD9F70249717B40098DB08 /* IQ-ArrayVC.swift */,
				998E1E6C249DDDA1008E1512 /* IQ-StringVC.swift */,
				999FFF6424B881B500F030C0 /* IQ-LinkedList.swift */,
				99D50D2524BD88A700604E24 /* IQ-Trees.swift */,
				99D50D2724BDA66F00604E24 /* IQ-DynamicProgramming.swift */,
				9928CBCA24C2C37300D53C23 /* IQ_Math.swift */,
				9966425224AB5DCE005AF541 /* UdemyVC.swift */,
				9996E403248A02A7008EE887 /* Main.storyboard */,
				9996E406248A02AD008EE887 /* Assets.xcassets */,
				9996E408248A02AD008EE887 /* LaunchScreen.storyboard */,
				9996E40B248A02AD008EE887 /* Info.plist */,
			);
			path = AlgorithmsWorskhop;
			sourceTree = "<group>";
		};
/* End PBXGroup section */

/* Begin PBXNativeTarget section */
		9996E3F9248A02A6008EE887 /* AlgorithmsWorskhop */ = {
			isa = PBXNativeTarget;
			buildConfigurationList = 9996E40E248A02AD008EE887 /* Build configuration list for PBXNativeTarget "AlgorithmsWorskhop" */;
			buildPhases = (
				9996E3F6248A02A6008EE887 /* Sources */,
				9996E3F7248A02A6008EE887 /* Frameworks */,
				9996E3F8248A02A6008EE887 /* Resources */,
			);
			buildRules = (
			);
			dependencies = (
			);
			name = AlgorithmsWorskhop;
			productName = AlgorithmsWorskhop;
			productReference = 9996E3FA248A02A7008EE887 /* AlgorithmsWorskhop.app */;
			productType = "com.apple.product-type.application";
		};
/* End PBXNativeTarget section */

/* Begin PBXProject section */
		9996E3F2248A02A6008EE887 /* Project object */ = {
			isa = PBXProject;
			attributes = {
				LastSwiftUpdateCheck = 1140;
				LastUpgradeCheck = 1140;
				ORGANIZATIONNAME = "Hem Poudyal";
				TargetAttributes = {
					9996E3F9248A02A6008EE887 = {
						CreatedOnToolsVersion = 11.4.1;
					};
				};
			};
			buildConfigurationList = 9996E3F5248A02A6008EE887 /* Build configuration list for PBXProject "AlgorithmsWorskhop" */;
			compatibilityVersion = "Xcode 9.3";
			developmentRegion = en;
			hasScannedForEncodings = 0;
			knownRegions = (
				en,
				Base,
			);
			mainGroup = 9996E3F1248A02A6008EE887;
			productRefGroup = 9996E3FB248A02A7008EE887 /* Products */;
			projectDirPath = "";
			projectRoot = "";
			targets = (
				9996E3F9248A02A6008EE887 /* AlgorithmsWorskhop */,
			);
		};
/* End PBXProject section */

/* Begin PBXResourcesBuildPhase section */
		9996E3F8248A02A6008EE887 /* Resources */ = {
			isa = PBXResourcesBuildPhase;
			buildActionMask = 2147483647;
			files = (
				9996E40A248A02AD008EE887 /* LaunchScreen.storyboard in Resources */,
				9996E407248A02AD008EE887 /* Assets.xcassets in Resources */,
				9996E405248A02A7008EE887 /* Main.storyboard in Resources */,
			);
			runOnlyForDeploymentPostprocessing = 0;
		};
/* End PBXResourcesBuildPhase section */

/* Begin PBXSourcesBuildPhase section */
		9996E3F6248A02A6008EE887 /* Sources */ = {
			isa = PBXSourcesBuildPhase;
			buildActionMask = 2147483647;
			files = (
				998E1E6D249DDDA1008E1512 /* IQ-StringVC.swift in Sources */,
				99D50D2824BDA66F00604E24 /* IQ-DynamicProgramming.swift in Sources */,
				99C40BD124949992007CD14B /* BaseViewController.swift in Sources */,
				99C40BCB249484FB007CD14B /* ArrayVC.swift in Sources */,
				99D50D2624BD88A700604E24 /* IQ-Trees.swift in Sources */,
				999FFF6524B881B500F030C0 /* IQ-LinkedList.swift in Sources */,
				9996E402248A02A7008EE887 /* HomeVC.swift in Sources */,
				9996E3FE248A02A7008EE887 /* AppDelegate.swift in Sources */,
				9966425324AB5DCE005AF541 /* UdemyVC.swift in Sources */,
				99BD9F71249717B40098DB08 /* IQ-ArrayVC.swift in Sources */,
				9996E400248A02A7008EE887 /* SceneDelegate.swift in Sources */,
				9928CBCB24C2C37300D53C23 /* IQ_Math.swift in Sources */,
			);
			runOnlyForDeploymentPostprocessing = 0;
		};
/* End PBXSourcesBuildPhase section */

/* Begin PBXVariantGroup section */
		9996E403248A02A7008EE887 /* Main.storyboard */ = {
			isa = PBXVariantGroup;
			children = (
				9996E404248A02A7008EE887 /* Base */,
			);
			name = Main.storyboard;
			sourceTree = "<group>";
		};
		9996E408248A02AD008EE887 /* LaunchScreen.storyboard */ = {
			isa = PBXVariantGroup;
			children = (
				9996E409248A02AD008EE887 /* Base */,
			);
			name = LaunchScreen.storyboard;
			sourceTree = "<group>";
		};
/* End PBXVariantGroup section */

/* Begin XCBuildConfiguration section */
		9996E40C248A02AD008EE887 /* Debug */ = {
			isa = XCBuildConfiguration;
			buildSettings = {
				ALWAYS_SEARCH_USER_PATHS = NO;
				CLANG_ANALYZER_NONNULL = YES;
				CLANG_ANALYZER_NUMBER_OBJECT_CONVERSION = YES_AGGRESSIVE;
				CLANG_CXX_LANGUAGE_STANDARD = "gnu++14";
				CLANG_CXX_LIBRARY = "libc++";
				CLANG_ENABLE_MODULES = YES;
				CLANG_ENABLE_OBJC_ARC = YES;
				CLANG_ENABLE_OBJC_WEAK = YES;
				CLANG_WARN_BLOCK_CAPTURE_AUTORELEASING = YES;
				CLANG_WARN_BOOL_CONVERSION = YES;
				CLANG_WARN_COMMA = YES;
				CLANG_WARN_CONSTANT_CONVERSION = YES;
				CLANG_WARN_DEPRECATED_OBJC_IMPLEMENTATIONS = YES;
				CLANG_WARN_DIRECT_OBJC_ISA_USAGE = YES_ERROR;
				CLANG_WARN_DOCUMENTATION_COMMENTS = YES;
				CLANG_WARN_EMPTY_BODY = YES;
				CLANG_WARN_ENUM_CONVERSION = YES;
				CLANG_WARN_INFINITE_RECURSION = YES;
				CLANG_WARN_INT_CONVERSION = YES;
				CLANG_WARN_NON_LITERAL_NULL_CONVERSION = YES;
				CLANG_WARN_OBJC_IMPLICIT_RETAIN_SELF = YES;
				CLANG_WARN_OBJC_LITERAL_CONVERSION = YES;
				CLANG_WARN_OBJC_ROOT_CLASS = YES_ERROR;
				CLANG_WARN_RANGE_LOOP_ANALYSIS = YES;
				CLANG_WARN_STRICT_PROTOTYPES = YES;
				CLANG_WARN_SUSPICIOUS_MOVE = YES;
				CLANG_WARN_UNGUARDED_AVAILABILITY = YES_AGGRESSIVE;
				CLANG_WARN_UNREACHABLE_CODE = YES;
				CLANG_WARN__DUPLICATE_METHOD_MATCH = YES;
				COPY_PHASE_STRIP = NO;
				DEBUG_INFORMATION_FORMAT = dwarf;
				ENABLE_STRICT_OBJC_MSGSEND = YES;
				ENABLE_TESTABILITY = YES;
				GCC_C_LANGUAGE_STANDARD = gnu11;
				GCC_DYNAMIC_NO_PIC = NO;
				GCC_NO_COMMON_BLOCKS = YES;
				GCC_OPTIMIZATION_LEVEL = 0;
				GCC_PREPROCESSOR_DEFINITIONS = (
					"DEBUG=1",
					"$(inherited)",
				);
				GCC_WARN_64_TO_32_BIT_CONVERSION = YES;
				GCC_WARN_ABOUT_RETURN_TYPE = YES_ERROR;
				GCC_WARN_UNDECLARED_SELECTOR = YES;
				GCC_WARN_UNINITIALIZED_AUTOS = YES_AGGRESSIVE;
				GCC_WARN_UNUSED_FUNCTION = YES;
				GCC_WARN_UNUSED_VARIABLE = YES;
				IPHONEOS_DEPLOYMENT_TARGET = 13.4;
				MTL_ENABLE_DEBUG_INFO = INCLUDE_SOURCE;
				MTL_FAST_MATH = YES;
				ONLY_ACTIVE_ARCH = YES;
				SDKROOT = iphoneos;
				SWIFT_ACTIVE_COMPILATION_CONDITIONS = DEBUG;
				SWIFT_OPTIMIZATION_LEVEL = "-Onone";
			};
			name = Debug;
		};
		9996E40D248A02AD008EE887 /* Release */ = {
			isa = XCBuildConfiguration;
			buildSettings = {
				ALWAYS_SEARCH_USER_PATHS = NO;
				CLANG_ANALYZER_NONNULL = YES;
				CLANG_ANALYZER_NUMBER_OBJECT_CONVERSION = YES_AGGRESSIVE;
				CLANG_CXX_LANGUAGE_STANDARD = "gnu++14";
				CLANG_CXX_LIBRARY = "libc++";
				CLANG_ENABLE_MODULES = YES;
				CLANG_ENABLE_OBJC_ARC = YES;
				CLANG_ENABLE_OBJC_WEAK = YES;
				CLANG_WARN_BLOCK_CAPTURE_AUTORELEASING = YES;
				CLANG_WARN_BOOL_CONVERSION = YES;
				CLANG_WARN_COMMA = YES;
				CLANG_WARN_CONSTANT_CONVERSION = YES;
				CLANG_WARN_DEPRECATED_OBJC_IMPLEMENTATIONS = YES;
				CLANG_WARN_DIRECT_OBJC_ISA_USAGE = YES_ERROR;
				CLANG_WARN_DOCUMENTATION_COMMENTS = YES;
				CLANG_WARN_EMPTY_BODY = YES;
				CLANG_WARN_ENUM_CONVERSION = YES;
				CLANG_WARN_INFINITE_RECURSION = YES;
				CLANG_WARN_INT_CONVERSION = YES;
				CLANG_WARN_NON_LITERAL_NULL_CONVERSION = YES;
				CLANG_WARN_OBJC_IMPLICIT_RETAIN_SELF = YES;
				CLANG_WARN_OBJC_LITERAL_CONVERSION = YES;
				CLANG_WARN_OBJC_ROOT_CLASS = YES_ERROR;
				CLANG_WARN_RANGE_LOOP_ANALYSIS = YES;
				CLANG_WARN_STRICT_PROTOTYPES = YES;
				CLANG_WARN_SUSPICIOUS_MOVE = YES;
				CLANG_WARN_UNGUARDED_AVAILABILITY = YES_AGGRESSIVE;
				CLANG_WARN_UNREACHABLE_CODE = YES;
				CLANG_WARN__DUPLICATE_METHOD_MATCH = YES;
				COPY_PHASE_STRIP = NO;
				DEBUG_INFORMATION_FORMAT = "dwarf-with-dsym";
				ENABLE_NS_ASSERTIONS = NO;
				ENABLE_STRICT_OBJC_MSGSEND = YES;
				GCC_C_LANGUAGE_STANDARD = gnu11;
				GCC_NO_COMMON_BLOCKS = YES;
				GCC_WARN_64_TO_32_BIT_CONVERSION = YES;
				GCC_WARN_ABOUT_RETURN_TYPE = YES_ERROR;
				GCC_WARN_UNDECLARED_SELECTOR = YES;
				GCC_WARN_UNINITIALIZED_AUTOS = YES_AGGRESSIVE;
				GCC_WARN_UNUSED_FUNCTION = YES;
				GCC_WARN_UNUSED_VARIABLE = YES;
				IPHONEOS_DEPLOYMENT_TARGET = 13.4;
				MTL_ENABLE_DEBUG_INFO = NO;
				MTL_FAST_MATH = YES;
				SDKROOT = iphoneos;
				SWIFT_COMPILATION_MODE = wholemodule;
				SWIFT_OPTIMIZATION_LEVEL = "-O";
				VALIDATE_PRODUCT = YES;
			};
			name = Release;
		};
		9996E40F248A02AD008EE887 /* Debug */ = {
			isa = XCBuildConfiguration;
			buildSettings = {
				ASSETCATALOG_COMPILER_APPICON_NAME = AppIcon;
				CODE_SIGN_STYLE = Automatic;
				DEVELOPMENT_TEAM = 3QZAD6AG54;
				INFOPLIST_FILE = AlgorithmsWorskhop/Info.plist;
				LD_RUNPATH_SEARCH_PATHS = (
					"$(inherited)",
					"@executable_path/Frameworks",
				);
				PRODUCT_BUNDLE_IDENTIFIER = com.hempoudyal.AlgorithmsWorskhop;
				PRODUCT_NAME = "$(TARGET_NAME)";
				SWIFT_VERSION = 5.0;
				TARGETED_DEVICE_FAMILY = "1,2";
			};
			name = Debug;
		};
		9996E410248A02AD008EE887 /* Release */ = {
			isa = XCBuildConfiguration;
			buildSettings = {
				ASSETCATALOG_COMPILER_APPICON_NAME = AppIcon;
				CODE_SIGN_STYLE = Automatic;
				DEVELOPMENT_TEAM = 3QZAD6AG54;
				INFOPLIST_FILE = AlgorithmsWorskhop/Info.plist;
				LD_RUNPATH_SEARCH_PATHS = (
					"$(inherited)",
					"@executable_path/Frameworks",
				);
				PRODUCT_BUNDLE_IDENTIFIER = com.hempoudyal.AlgorithmsWorskhop;
				PRODUCT_NAME = "$(TARGET_NAME)";
				SWIFT_VERSION = 5.0;
				TARGETED_DEVICE_FAMILY = "1,2";
			};
			name = Release;
		};
/* End XCBuildConfiguration section */

/* Begin XCConfigurationList section */
		9996E3F5248A02A6008EE887 /* Build configuration list for PBXProject "AlgorithmsWorskhop" */ = {
			isa = XCConfigurationList;
			buildConfigurations = (
				9996E40C248A02AD008EE887 /* Debug */,
				9996E40D248A02AD008EE887 /* Release */,
			);
			defaultConfigurationIsVisible = 0;
			defaultConfigurationName = Release;
		};
		9996E40E248A02AD008EE887 /* Build configuration list for PBXNativeTarget "AlgorithmsWorskhop" */ = {
			isa = XCConfigurationList;
			buildConfigurations = (
				9996E40F248A02AD008EE887 /* Debug */,
				9996E410248A02AD008EE887 /* Release */,
			);
			defaultConfigurationIsVisible = 0;
			defaultConfigurationName = Release;
		};
/* End XCConfigurationList section */
	};
	rootObject = 9996E3F2248A02A6008EE887 /* Project object */;
}
